
Microsoft Visual Studio Solution File, Format Version 12.00
# Visual Studio Version 17
VisualStudioVersion = 17.3.32901.215
MinimumVisualStudioVersion = 10.0.40219.1
Project("{FAE04EC0-301F-11D3-BF4B-00C04F79EFBC}") = "Generics_02", "Generics_02\Generics_02.csproj", "{2C17D119-7593-447B-853B-9690A0DB3C50}"
EndProject
Global
	GlobalSection(SolutionConfigurationPlatforms) = preSolution
		Debug|Any CPU = Debug|Any CPU
		Release|Any CPU = Release|Any CPU
	EndGlobalSection
	GlobalSection(ProjectConfigurationPlatforms) = postSolution
		{2C17D119-7593-447B-853B-9690A0DB3C50}.Debug|Any CPU.ActiveCfg = Debug|Any CPU
		{2C17D119-7593-447B-853B-9690A0DB3C50}.Debug|Any CPU.Build.0 = Debug|Any CPU
		{2C17D119-7593-447B-853B-9690A0DB3C50}.Release|Any CPU.ActiveCfg = Release|Any CPU
		{2C17D119-7593-447B-853B-9690A0DB3C50}.Release|Any CPU.Build.0 = Release|Any CPU
	EndGlobalSection
	GlobalSection(SolutionProperties) = preSolution
		HideSolutionNode = FALSE
	EndGlobalSection
	GlobalSection(ExtensibilityGlobals) = postSolution
		SolutionGuid = {42ECC021-7D92-43FA-AC77-419399C1F8D0}
	EndGlobalSection
EndGlobal
