
Microsoft Visual Studio Solution File, Format Version 12.00
# Visual Studio Version 17
VisualStudioVersion = 17.4.33110.190
MinimumVisualStudioVersion = 10.0.40219.1
Project("{FAE04EC0-301F-11D3-BF4B-00C04F79EFBC}") = "LinqCourse", "LinqCourse\LinqCourse.csproj", "{4952A025-A05E-4027-A35E-0F3F772E6A1D}"
EndProject
Global
	GlobalSection(SolutionConfigurationPlatforms) = preSolution
		Debug|Any CPU = Debug|Any CPU
		Release|Any CPU = Release|Any CPU
	EndGlobalSection
	GlobalSection(ProjectConfigurationPlatforms) = postSolution
		{4952A025-A05E-4027-A35E-0F3F772E6A1D}.Debug|Any CPU.ActiveCfg = Debug|Any CPU
		{4952A025-A05E-4027-A35E-0F3F772E6A1D}.Debug|Any CPU.Build.0 = Debug|Any CPU
		{4952A025-A05E-4027-A35E-0F3F772E6A1D}.Release|Any CPU.ActiveCfg = Release|Any CPU
		{4952A025-A05E-4027-A35E-0F3F772E6A1D}.Release|Any CPU.Build.0 = Release|Any CPU
	EndGlobalSection
	GlobalSection(SolutionProperties) = preSolution
		HideSolutionNode = FALSE
	EndGlobalSection
	GlobalSection(ExtensibilityGlobals) = postSolution
		SolutionGuid = {178998F4-F33B-4145-952A-D8C0185D237C}
	EndGlobalSection
EndGlobal
