
Microsoft Visual Studio Solution File, Format Version 12.00
# Visual Studio Version 17
VisualStudioVersion = 17.3.32901.215
MinimumVisualStudioVersion = 10.0.40219.1
Project("{FAE04EC0-301F-11D3-BF4B-00C04F79EFBC}") = "PokemonDays", "PokemonDays\PokemonDays.csproj", "{1112C489-3A83-44A4-87B3-9CDC50050EBC}"
EndProject
Global
	GlobalSection(SolutionConfigurationPlatforms) = preSolution
		Debug|Any CPU = Debug|Any CPU
		Release|Any CPU = Release|Any CPU
	EndGlobalSection
	GlobalSection(ProjectConfigurationPlatforms) = postSolution
		{1112C489-3A83-44A4-87B3-9CDC50050EBC}.Debug|Any CPU.ActiveCfg = Debug|Any CPU
		{1112C489-3A83-44A4-87B3-9CDC50050EBC}.Debug|Any CPU.Build.0 = Debug|Any CPU
		{1112C489-3A83-44A4-87B3-9CDC50050EBC}.Release|Any CPU.ActiveCfg = Release|Any CPU
		{1112C489-3A83-44A4-87B3-9CDC50050EBC}.Release|Any CPU.Build.0 = Release|Any CPU
	EndGlobalSection
	GlobalSection(SolutionProperties) = preSolution
		HideSolutionNode = FALSE
	EndGlobalSection
	GlobalSection(ExtensibilityGlobals) = postSolution
		SolutionGuid = {C42382A1-E57A-455F-BA54-9A8DC23B0162}
	EndGlobalSection
EndGlobal
